
Microsoft Visual Studio Solution File, Format Version 12.00
# Visual Studio Version 17
VisualStudioVersion = 17.8.34330.188
MinimumVisualStudioVersion = 10.0.40219.1
Project("{9A19103F-16F7-4668-BE54-9A1E7A4F7556}") = "ADO_DataSet_StoredProcedure", "ADO_DataSet_StoredProcedure\ADO_DataSet_StoredProcedure.csproj", "{E42A967E-6679-462F-92B2-0BA7F8E0880D}"
EndProject
Project("{9A19103F-16F7-4668-BE54-9A1E7A4F7556}") = "ADO_DataSet_StoredProcedures1", "ADO_DataSet_StoredProcedures1\ADO_DataSet_StoredProcedures1.csproj", "{EB546A24-97A0-4E26-90C2-BFB5B2A5EC94}"
EndProject
Project("{9A19103F-16F7-4668-BE54-9A1E7A4F7556}") = "ADO_DataSet_StoredProcedures2", "ADO_DataSet_StoredProcedures2\ADO_DataSet_StoredProcedures2.csproj", "{97E1CAA4-45CF-44AB-BFB6-BFC554201E66}"
EndProject
Project("{9A19103F-16F7-4668-BE54-9A1E7A4F7556}") = "ADO_DataSet_StoredProcedures_WithParameters", "ADO_DataSet_StoredProcedures_WithParameters\ADO_DataSet_StoredProcedures_WithParameters.csproj", "{2F5D6777-617F-4729-8141-BE4C6BFA9AA6}"
EndProject
Project("{9A19103F-16F7-4668-BE54-9A1E7A4F7556}") = "ADO_DataSet_StoredProcedures_WithParameters1", "ADO_DataSet_StoredProcedures_WithParameters1\ADO_DataSet_StoredProcedures_WithParameters1.csproj", "{7D7B0DD9-71C3-437F-95C0-ED1D56D02072}"
EndProject
Project("{FAE04EC0-301F-11D3-BF4B-00C04F79EFBC}") = "ADO_StoredProcedureCall_WithParameter", "ADO_StoredProcedureCall_WithParameter\ADO_StoredProcedureCall_WithParameter.csproj", "{5AF51C84-83FA-47DC-AE14-170AAE77BA0B}"
EndProject
Global
	GlobalSection(SolutionConfigurationPlatforms) = preSolution
		Debug|Any CPU = Debug|Any CPU
		Release|Any CPU = Release|Any CPU
	EndGlobalSection
	GlobalSection(ProjectConfigurationPlatforms) = postSolution
		{E42A967E-6679-462F-92B2-0BA7F8E0880D}.Debug|Any CPU.ActiveCfg = Debug|Any CPU
		{E42A967E-6679-462F-92B2-0BA7F8E0880D}.Debug|Any CPU.Build.0 = Debug|Any CPU
		{E42A967E-6679-462F-92B2-0BA7F8E0880D}.Release|Any CPU.ActiveCfg = Release|Any CPU
		{E42A967E-6679-462F-92B2-0BA7F8E0880D}.Release|Any CPU.Build.0 = Release|Any CPU
		{EB546A24-97A0-4E26-90C2-BFB5B2A5EC94}.Debug|Any CPU.ActiveCfg = Debug|Any CPU
		{EB546A24-97A0-4E26-90C2-BFB5B2A5EC94}.Debug|Any CPU.Build.0 = Debug|Any CPU
		{EB546A24-97A0-4E26-90C2-BFB5B2A5EC94}.Release|Any CPU.ActiveCfg = Release|Any CPU
		{EB546A24-97A0-4E26-90C2-BFB5B2A5EC94}.Release|Any CPU.Build.0 = Release|Any CPU
		{97E1CAA4-45CF-44AB-BFB6-BFC554201E66}.Debug|Any CPU.ActiveCfg = Debug|Any CPU
		{97E1CAA4-45CF-44AB-BFB6-BFC554201E66}.Debug|Any CPU.Build.0 = Debug|Any CPU
		{97E1CAA4-45CF-44AB-BFB6-BFC554201E66}.Release|Any CPU.ActiveCfg = Release|Any CPU
		{97E1CAA4-45CF-44AB-BFB6-BFC554201E66}.Release|Any CPU.Build.0 = Release|Any CPU
		{2F5D6777-617F-4729-8141-BE4C6BFA9AA6}.Debug|Any CPU.ActiveCfg = Debug|Any CPU
		{2F5D6777-617F-4729-8141-BE4C6BFA9AA6}.Debug|Any CPU.Build.0 = Debug|Any CPU
		{2F5D6777-617F-4729-8141-BE4C6BFA9AA6}.Release|Any CPU.ActiveCfg = Release|Any CPU
		{2F5D6777-617F-4729-8141-BE4C6BFA9AA6}.Release|Any CPU.Build.0 = Release|Any CPU
		{7D7B0DD9-71C3-437F-95C0-ED1D56D02072}.Debug|Any CPU.ActiveCfg = Debug|Any CPU
		{7D7B0DD9-71C3-437F-95C0-ED1D56D02072}.Debug|Any CPU.Build.0 = Debug|Any CPU
		{7D7B0DD9-71C3-437F-95C0-ED1D56D02072}.Release|Any CPU.ActiveCfg = Release|Any CPU
		{7D7B0DD9-71C3-437F-95C0-ED1D56D02072}.Release|Any CPU.Build.0 = Release|Any CPU
		{5AF51C84-83FA-47DC-AE14-170AAE77BA0B}.Debug|Any CPU.ActiveCfg = Debug|Any CPU
		{5AF51C84-83FA-47DC-AE14-170AAE77BA0B}.Debug|Any CPU.Build.0 = Debug|Any CPU
		{5AF51C84-83FA-47DC-AE14-170AAE77BA0B}.Release|Any CPU.ActiveCfg = Release|Any CPU
		{5AF51C84-83FA-47DC-AE14-170AAE77BA0B}.Release|Any CPU.Build.0 = Release|Any CPU
	EndGlobalSection
	GlobalSection(SolutionProperties) = preSolution
		HideSolutionNode = FALSE
	EndGlobalSection
	GlobalSection(ExtensibilityGlobals) = postSolution
		SolutionGuid = {915A83FA-A954-4EA6-9E67-3256DFE046FC}
	EndGlobalSection
EndGlobal
