
Microsoft Visual Studio Solution File, Format Version 12.00
# Visual Studio Version 17
VisualStudioVersion = 17.8.34330.188
MinimumVisualStudioVersion = 10.0.40219.1
Project("{FAE04EC0-301F-11D3-BF4B-00C04F79EFBC}") = "LINQ_Operators_Examples", "LINQ_Operators_Examples\LINQ_Operators_Examples.csproj", "{2F28D9D9-A9F1-4D3C-BCC5-58F4022F4B82}"
EndProject
Global
	GlobalSection(SolutionConfigurationPlatforms) = preSolution
		Debug|Any CPU = Debug|Any CPU
		Release|Any CPU = Release|Any CPU
	EndGlobalSection
	GlobalSection(ProjectConfigurationPlatforms) = postSolution
		{2F28D9D9-A9F1-4D3C-BCC5-58F4022F4B82}.Debug|Any CPU.ActiveCfg = Debug|Any CPU
		{2F28D9D9-A9F1-4D3C-BCC5-58F4022F4B82}.Debug|Any CPU.Build.0 = Debug|Any CPU
		{2F28D9D9-A9F1-4D3C-BCC5-58F4022F4B82}.Release|Any CPU.ActiveCfg = Release|Any CPU
		{2F28D9D9-A9F1-4D3C-BCC5-58F4022F4B82}.Release|Any CPU.Build.0 = Release|Any CPU
	EndGlobalSection
	GlobalSection(SolutionProperties) = preSolution
		HideSolutionNode = FALSE
	EndGlobalSection
	GlobalSection(ExtensibilityGlobals) = postSolution
		SolutionGuid = {D3B0207D-102C-450E-8E86-CB0966BA6478}
	EndGlobalSection
EndGlobal
