
Microsoft Visual Studio Solution File, Format Version 12.00
# Visual Studio Version 17
VisualStudioVersion = 17.8.34330.188
MinimumVisualStudioVersion = 10.0.40219.1
Project("{FAE04EC0-301F-11D3-BF4B-00C04F79EFBC}") = "DataReader ADO.NET  Access Multiple Result Sets", "DataReader ADO.NET  Access Multiple Result Sets\DataReader ADO.NET  Access Multiple Result Sets.csproj", "{B0E6D478-7CF0-4C3F-A9A9-AE2FB53EB801}"
EndProject
Global
	GlobalSection(SolutionConfigurationPlatforms) = preSolution
		Debug|Any CPU = Debug|Any CPU
		Release|Any CPU = Release|Any CPU
	EndGlobalSection
	GlobalSection(ProjectConfigurationPlatforms) = postSolution
		{B0E6D478-7CF0-4C3F-A9A9-AE2FB53EB801}.Debug|Any CPU.ActiveCfg = Debug|Any CPU
		{B0E6D478-7CF0-4C3F-A9A9-AE2FB53EB801}.Debug|Any CPU.Build.0 = Debug|Any CPU
		{B0E6D478-7CF0-4C3F-A9A9-AE2FB53EB801}.Release|Any CPU.ActiveCfg = Release|Any CPU
		{B0E6D478-7CF0-4C3F-A9A9-AE2FB53EB801}.Release|Any CPU.Build.0 = Release|Any CPU
	EndGlobalSection
	GlobalSection(SolutionProperties) = preSolution
		HideSolutionNode = FALSE
	EndGlobalSection
	GlobalSection(ExtensibilityGlobals) = postSolution
		SolutionGuid = {54ADF1F6-033C-4EB1-96B1-4B4AC503439C}
	EndGlobalSection
EndGlobal
