
Microsoft Visual Studio Solution File, Format Version 12.00
# Visual Studio Version 17
VisualStudioVersion = 17.8.34330.188
MinimumVisualStudioVersion = 10.0.40219.1
Project("{FAE04EC0-301F-11D3-BF4B-00C04F79EFBC}") = "Dictionary", "Dictionary\Dictionary.csproj", "{355B03F0-55C9-47F8-B19F-AB823E6D3234}"
EndProject
Global
	GlobalSection(SolutionConfigurationPlatforms) = preSolution
		Debug|Any CPU = Debug|Any CPU
		Release|Any CPU = Release|Any CPU
	EndGlobalSection
	GlobalSection(ProjectConfigurationPlatforms) = postSolution
		{355B03F0-55C9-47F8-B19F-AB823E6D3234}.Debug|Any CPU.ActiveCfg = Debug|Any CPU
		{355B03F0-55C9-47F8-B19F-AB823E6D3234}.Debug|Any CPU.Build.0 = Debug|Any CPU
		{355B03F0-55C9-47F8-B19F-AB823E6D3234}.Release|Any CPU.ActiveCfg = Release|Any CPU
		{355B03F0-55C9-47F8-B19F-AB823E6D3234}.Release|Any CPU.Build.0 = Release|Any CPU
	EndGlobalSection
	GlobalSection(SolutionProperties) = preSolution
		HideSolutionNode = FALSE
	EndGlobalSection
	GlobalSection(ExtensibilityGlobals) = postSolution
		SolutionGuid = {34AC0469-5326-40CD-96EB-58FBA6856CFD}
	EndGlobalSection
EndGlobal
