
Microsoft Visual Studio Solution File, Format Version 12.00
# Visual Studio Version 17
VisualStudioVersion = 17.8.34330.188
MinimumVisualStudioVersion = 10.0.40219.1
Project("{FAE04EC0-301F-11D3-BF4B-00C04F79EFBC}") = "Dice game", "Dice game\Dice game.csproj", "{C4222C99-9B48-4055-8942-981923873A5B}"
EndProject
Global
	GlobalSection(SolutionConfigurationPlatforms) = preSolution
		Debug|Any CPU = Debug|Any CPU
		Release|Any CPU = Release|Any CPU
	EndGlobalSection
	GlobalSection(ProjectConfigurationPlatforms) = postSolution
		{C4222C99-9B48-4055-8942-981923873A5B}.Debug|Any CPU.ActiveCfg = Debug|Any CPU
		{C4222C99-9B48-4055-8942-981923873A5B}.Debug|Any CPU.Build.0 = Debug|Any CPU
		{C4222C99-9B48-4055-8942-981923873A5B}.Release|Any CPU.ActiveCfg = Release|Any CPU
		{C4222C99-9B48-4055-8942-981923873A5B}.Release|Any CPU.Build.0 = Release|Any CPU
	EndGlobalSection
	GlobalSection(SolutionProperties) = preSolution
		HideSolutionNode = FALSE
	EndGlobalSection
	GlobalSection(ExtensibilityGlobals) = postSolution
		SolutionGuid = {A129DE9A-B984-422C-96AE-94F2F7902E82}
	EndGlobalSection
EndGlobal
