
Microsoft Visual Studio Solution File, Format Version 12.00
# Visual Studio Version 17
VisualStudioVersion = 17.10.35122.118
MinimumVisualStudioVersion = 10.0.40219.1
Project("{9A19103F-16F7-4668-BE54-9A1E7A4F7556}") = "PlatformService", "PlatformService\PlatformService.csproj", "{E0878C4C-D871-429E-BEEE-28B6D740AA7C}"
EndProject
Project("{2150E333-8FDC-42A3-9474-1A3956D46DE8}") = "Solution Items", "Solution Items", "{95EA2855-BBE5-4CAA-BE23-2CF700A3FC6E}"
EndProject
Project("{2150E333-8FDC-42A3-9474-1A3956D46DE8}") = "Kubernetes", "Kubernetes", "{C1EDDCE1-2E04-4EB0-A086-B7EC9EB70D11}"
	ProjectSection(SolutionItems) = preProject
		platform_depl.yaml = platform_depl.yaml
	EndProjectSection
EndProject
Global
	GlobalSection(SolutionConfigurationPlatforms) = preSolution
		Debug|Any CPU = Debug|Any CPU
		Release|Any CPU = Release|Any CPU
	EndGlobalSection
	GlobalSection(ProjectConfigurationPlatforms) = postSolution
		{E0878C4C-D871-429E-BEEE-28B6D740AA7C}.Debug|Any CPU.ActiveCfg = Debug|Any CPU
		{E0878C4C-D871-429E-BEEE-28B6D740AA7C}.Debug|Any CPU.Build.0 = Debug|Any CPU
		{E0878C4C-D871-429E-BEEE-28B6D740AA7C}.Release|Any CPU.ActiveCfg = Release|Any CPU
		{E0878C4C-D871-429E-BEEE-28B6D740AA7C}.Release|Any CPU.Build.0 = Release|Any CPU
	EndGlobalSection
	GlobalSection(SolutionProperties) = preSolution
		HideSolutionNode = FALSE
	EndGlobalSection
	GlobalSection(ExtensibilityGlobals) = postSolution
		SolutionGuid = {3CFD0CAC-70E6-4179-A5D9-723ECD77B755}
	EndGlobalSection
EndGlobal
