
Microsoft Visual Studio Solution File, Format Version 12.00
# Visual Studio Version 17
VisualStudioVersion = 17.8.34330.188
MinimumVisualStudioVersion = 10.0.40219.1
Project("{FAE04EC0-301F-11D3-BF4B-00C04F79EFBC}") = "ADO_DataAdapter_StoredProcedure_WithInputParameters", "ADO_DataAdapter_StoredProcedure_WithInputParameters\ADO_DataAdapter_StoredProcedure_WithInputParameters.csproj", "{91053DBB-2001-4F94-9E8E-42530A641A3C}"
EndProject
Global
	GlobalSection(SolutionConfigurationPlatforms) = preSolution
		Debug|Any CPU = Debug|Any CPU
		Release|Any CPU = Release|Any CPU
	EndGlobalSection
	GlobalSection(ProjectConfigurationPlatforms) = postSolution
		{91053DBB-2001-4F94-9E8E-42530A641A3C}.Debug|Any CPU.ActiveCfg = Debug|Any CPU
		{91053DBB-2001-4F94-9E8E-42530A641A3C}.Debug|Any CPU.Build.0 = Debug|Any CPU
		{91053DBB-2001-4F94-9E8E-42530A641A3C}.Release|Any CPU.ActiveCfg = Release|Any CPU
		{91053DBB-2001-4F94-9E8E-42530A641A3C}.Release|Any CPU.Build.0 = Release|Any CPU
	EndGlobalSection
	GlobalSection(SolutionProperties) = preSolution
		HideSolutionNode = FALSE
	EndGlobalSection
	GlobalSection(ExtensibilityGlobals) = postSolution
		SolutionGuid = {90F888E7-0456-4DBD-A281-DB6315D49EEA}
	EndGlobalSection
EndGlobal
