
Microsoft Visual Studio Solution File, Format Version 12.00
# Visual Studio Version 17
VisualStudioVersion = 17.8.34330.188
MinimumVisualStudioVersion = 10.0.40219.1
Project("{FAE04EC0-301F-11D3-BF4B-00C04F79EFBC}") = "Rock paper scissors with Dependency Injection", "Rock paper scissors witout Dependency Injection\Rock paper scissors with Dependency Injection.csproj", "{4D5E7122-8FB5-450D-95FD-06603EF20081}"
EndProject
Project("{FAE04EC0-301F-11D3-BF4B-00C04F79EFBC}") = "Rock paper scissors without Dependency Injection", "Rock paper scissors with Dependency Injection\Rock paper scissors without Dependency Injection.csproj", "{1A6C2455-3918-4467-A80A-D9AC9DB26F2C}"
EndProject
Global
	GlobalSection(SolutionConfigurationPlatforms) = preSolution
		Debug|Any CPU = Debug|Any CPU
		Release|Any CPU = Release|Any CPU
	EndGlobalSection
	GlobalSection(ProjectConfigurationPlatforms) = postSolution
		{4D5E7122-8FB5-450D-95FD-06603EF20081}.Debug|Any CPU.ActiveCfg = Debug|Any CPU
		{4D5E7122-8FB5-450D-95FD-06603EF20081}.Debug|Any CPU.Build.0 = Debug|Any CPU
		{4D5E7122-8FB5-450D-95FD-06603EF20081}.Release|Any CPU.ActiveCfg = Release|Any CPU
		{4D5E7122-8FB5-450D-95FD-06603EF20081}.Release|Any CPU.Build.0 = Release|Any CPU
		{1A6C2455-3918-4467-A80A-D9AC9DB26F2C}.Debug|Any CPU.ActiveCfg = Debug|Any CPU
		{1A6C2455-3918-4467-A80A-D9AC9DB26F2C}.Debug|Any CPU.Build.0 = Debug|Any CPU
		{1A6C2455-3918-4467-A80A-D9AC9DB26F2C}.Release|Any CPU.ActiveCfg = Release|Any CPU
		{1A6C2455-3918-4467-A80A-D9AC9DB26F2C}.Release|Any CPU.Build.0 = Release|Any CPU
	EndGlobalSection
	GlobalSection(SolutionProperties) = preSolution
		HideSolutionNode = FALSE
	EndGlobalSection
	GlobalSection(ExtensibilityGlobals) = postSolution
		SolutionGuid = {85F16501-1A70-4804-9848-9B1822DC2D49}
	EndGlobalSection
EndGlobal
