
Microsoft Visual Studio Solution File, Format Version 12.00
# Visual Studio Version 17
VisualStudioVersion = 17.8.34330.188
MinimumVisualStudioVersion = 10.0.40219.1
Project("{FAE04EC0-301F-11D3-BF4B-00C04F79EFBC}") = "ADO_DataSet_MultipleDBTables", "ADO_DataSet_MultipleDBTables\ADO_DataSet_MultipleDBTables.csproj", "{5DC06B76-5934-4821-8258-3B889F8F2B51}"
EndProject
Global
	GlobalSection(SolutionConfigurationPlatforms) = preSolution
		Debug|Any CPU = Debug|Any CPU
		Release|Any CPU = Release|Any CPU
	EndGlobalSection
	GlobalSection(ProjectConfigurationPlatforms) = postSolution
		{5DC06B76-5934-4821-8258-3B889F8F2B51}.Debug|Any CPU.ActiveCfg = Debug|Any CPU
		{5DC06B76-5934-4821-8258-3B889F8F2B51}.Debug|Any CPU.Build.0 = Debug|Any CPU
		{5DC06B76-5934-4821-8258-3B889F8F2B51}.Release|Any CPU.ActiveCfg = Release|Any CPU
		{5DC06B76-5934-4821-8258-3B889F8F2B51}.Release|Any CPU.Build.0 = Release|Any CPU
	EndGlobalSection
	GlobalSection(SolutionProperties) = preSolution
		HideSolutionNode = FALSE
	EndGlobalSection
	GlobalSection(ExtensibilityGlobals) = postSolution
		SolutionGuid = {866E7C96-7F06-4E71-9BF3-1C61D02E5436}
	EndGlobalSection
EndGlobal
