
Microsoft Visual Studio Solution File, Format Version 12.00
# Visual Studio Version 17
VisualStudioVersion = 17.8.34330.188
MinimumVisualStudioVersion = 10.0.40219.1
Project("{FAE04EC0-301F-11D3-BF4B-00C04F79EFBC}") = "Bulk_Insert_Using_Bulk_copy", "Bulk_Insert_Using_Bulk_copy\Bulk_Insert_Using_Bulk_copy.csproj", "{C66C45AB-BD23-4917-98E3-0739869C4827}"
EndProject
Global
	GlobalSection(SolutionConfigurationPlatforms) = preSolution
		Debug|Any CPU = Debug|Any CPU
		Release|Any CPU = Release|Any CPU
	EndGlobalSection
	GlobalSection(ProjectConfigurationPlatforms) = postSolution
		{C66C45AB-BD23-4917-98E3-0739869C4827}.Debug|Any CPU.ActiveCfg = Debug|Any CPU
		{C66C45AB-BD23-4917-98E3-0739869C4827}.Debug|Any CPU.Build.0 = Debug|Any CPU
		{C66C45AB-BD23-4917-98E3-0739869C4827}.Release|Any CPU.ActiveCfg = Release|Any CPU
		{C66C45AB-BD23-4917-98E3-0739869C4827}.Release|Any CPU.Build.0 = Release|Any CPU
	EndGlobalSection
	GlobalSection(SolutionProperties) = preSolution
		HideSolutionNode = FALSE
	EndGlobalSection
	GlobalSection(ExtensibilityGlobals) = postSolution
		SolutionGuid = {F70459DA-5347-4309-B9BD-663AE1AAE16C}
	EndGlobalSection
EndGlobal
