
Microsoft Visual Studio Solution File, Format Version 12.00
# Visual Studio Version 17
VisualStudioVersion = 17.8.34330.188
MinimumVisualStudioVersion = 10.0.40219.1
Project("{FAE04EC0-301F-11D3-BF4B-00C04F79EFBC}") = "Kyou_7_Convert a Boolean to a String", "Kyou_7_Convert a Boolean to a String\Kyou_7_Convert a Boolean to a String.csproj", "{909F570B-A7BB-49F0-BB19-96D4A9301C4F}"
EndProject
Global
	GlobalSection(SolutionConfigurationPlatforms) = preSolution
		Debug|Any CPU = Debug|Any CPU
		Release|Any CPU = Release|Any CPU
	EndGlobalSection
	GlobalSection(ProjectConfigurationPlatforms) = postSolution
		{909F570B-A7BB-49F0-BB19-96D4A9301C4F}.Debug|Any CPU.ActiveCfg = Debug|Any CPU
		{909F570B-A7BB-49F0-BB19-96D4A9301C4F}.Debug|Any CPU.Build.0 = Debug|Any CPU
		{909F570B-A7BB-49F0-BB19-96D4A9301C4F}.Release|Any CPU.ActiveCfg = Release|Any CPU
		{909F570B-A7BB-49F0-BB19-96D4A9301C4F}.Release|Any CPU.Build.0 = Release|Any CPU
	EndGlobalSection
	GlobalSection(SolutionProperties) = preSolution
		HideSolutionNode = FALSE
	EndGlobalSection
	GlobalSection(ExtensibilityGlobals) = postSolution
		SolutionGuid = {3591DDC5-2354-4F1F-8D94-B5711ED4B8E4}
	EndGlobalSection
EndGlobal
