
Microsoft Visual Studio Solution File, Format Version 12.00
# Visual Studio Version 17
VisualStudioVersion = 17.8.34330.188
MinimumVisualStudioVersion = 10.0.40219.1
Project("{FAE04EC0-301F-11D3-BF4B-00C04F79EFBC}") = "ADO.NET Creating a DataTable with auto increment", "ADO.NET Creating a DataTable with auto increment\ADO.NET Creating a DataTable with auto increment.csproj", "{EA635E55-9ABA-4B9F-BBAF-FA26298C5DAF}"
EndProject
Global
	GlobalSection(SolutionConfigurationPlatforms) = preSolution
		Debug|Any CPU = Debug|Any CPU
		Release|Any CPU = Release|Any CPU
	EndGlobalSection
	GlobalSection(ProjectConfigurationPlatforms) = postSolution
		{EA635E55-9ABA-4B9F-BBAF-FA26298C5DAF}.Debug|Any CPU.ActiveCfg = Debug|Any CPU
		{EA635E55-9ABA-4B9F-BBAF-FA26298C5DAF}.Debug|Any CPU.Build.0 = Debug|Any CPU
		{EA635E55-9ABA-4B9F-BBAF-FA26298C5DAF}.Release|Any CPU.ActiveCfg = Release|Any CPU
		{EA635E55-9ABA-4B9F-BBAF-FA26298C5DAF}.Release|Any CPU.Build.0 = Release|Any CPU
	EndGlobalSection
	GlobalSection(SolutionProperties) = preSolution
		HideSolutionNode = FALSE
	EndGlobalSection
	GlobalSection(ExtensibilityGlobals) = postSolution
		SolutionGuid = {55EC0E35-415E-41E9-B79D-5DCC5A782644}
	EndGlobalSection
EndGlobal
