
Microsoft Visual Studio Solution File, Format Version 12.00
# Visual Studio Version 17
VisualStudioVersion = 17.8.34330.188
MinimumVisualStudioVersion = 10.0.40219.1
Project("{FAE04EC0-301F-11D3-BF4B-00C04F79EFBC}") = "ADO_DataSet_UsingSQLServer", "ADO_DataSet_UsingSQLServer\ADO_DataSet_UsingSQLServer.csproj", "{0C991672-8A2D-4464-904D-D3287CDD6A52}"
EndProject
Global
	GlobalSection(SolutionConfigurationPlatforms) = preSolution
		Debug|Any CPU = Debug|Any CPU
		Release|Any CPU = Release|Any CPU
	EndGlobalSection
	GlobalSection(ProjectConfigurationPlatforms) = postSolution
		{0C991672-8A2D-4464-904D-D3287CDD6A52}.Debug|Any CPU.ActiveCfg = Debug|Any CPU
		{0C991672-8A2D-4464-904D-D3287CDD6A52}.Debug|Any CPU.Build.0 = Debug|Any CPU
		{0C991672-8A2D-4464-904D-D3287CDD6A52}.Release|Any CPU.ActiveCfg = Release|Any CPU
		{0C991672-8A2D-4464-904D-D3287CDD6A52}.Release|Any CPU.Build.0 = Release|Any CPU
	EndGlobalSection
	GlobalSection(SolutionProperties) = preSolution
		HideSolutionNode = FALSE
	EndGlobalSection
	GlobalSection(ExtensibilityGlobals) = postSolution
		SolutionGuid = {1B35E81B-B797-45EF-812E-C4B98A4E4ACB}
	EndGlobalSection
EndGlobal
