
Microsoft Visual Studio Solution File, Format Version 12.00
# Visual Studio Version 17
VisualStudioVersion = 17.8.34330.188
MinimumVisualStudioVersion = 10.0.40219.1
Project("{FAE04EC0-301F-11D3-BF4B-00C04F79EFBC}") = "ADO_DataAdapter_StoredProcedure_NoParameters", "ADO_DataAdapter_StoredProcedure_NoParameters\ADO_DataAdapter_StoredProcedure_NoParameters.csproj", "{EAC02AF7-2B86-4E96-BFC2-DA1AD6356BA7}"
EndProject
Global
	GlobalSection(SolutionConfigurationPlatforms) = preSolution
		Debug|Any CPU = Debug|Any CPU
		Release|Any CPU = Release|Any CPU
	EndGlobalSection
	GlobalSection(ProjectConfigurationPlatforms) = postSolution
		{EAC02AF7-2B86-4E96-BFC2-DA1AD6356BA7}.Debug|Any CPU.ActiveCfg = Debug|Any CPU
		{EAC02AF7-2B86-4E96-BFC2-DA1AD6356BA7}.Debug|Any CPU.Build.0 = Debug|Any CPU
		{EAC02AF7-2B86-4E96-BFC2-DA1AD6356BA7}.Release|Any CPU.ActiveCfg = Release|Any CPU
		{EAC02AF7-2B86-4E96-BFC2-DA1AD6356BA7}.Release|Any CPU.Build.0 = Release|Any CPU
	EndGlobalSection
	GlobalSection(SolutionProperties) = preSolution
		HideSolutionNode = FALSE
	EndGlobalSection
	GlobalSection(ExtensibilityGlobals) = postSolution
		SolutionGuid = {765418A3-C634-427C-8673-C5B9C614875C}
	EndGlobalSection
EndGlobal
