
Microsoft Visual Studio Solution File, Format Version 12.00
# Visual Studio Version 17
VisualStudioVersion = 17.8.34330.188
MinimumVisualStudioVersion = 10.0.40219.1
Project("{9A19103F-16F7-4668-BE54-9A1E7A4F7556}") = "Domain", "Domain\Domain.csproj", "{03B5AEB7-8637-44D5-B977-86DD27EF17C5}"
EndProject
Project("{9A19103F-16F7-4668-BE54-9A1E7A4F7556}") = "Infrastructure", "Infrastructure\Infrastructure.csproj", "{FF16503D-EF49-4C0F-BC38-D16A943938AA}"
EndProject
Project("{9A19103F-16F7-4668-BE54-9A1E7A4F7556}") = "Application", "Application\Application.csproj", "{A384B0DE-49CC-4F3D-8BC8-E15708D2E0FB}"
EndProject
Project("{9A19103F-16F7-4668-BE54-9A1E7A4F7556}") = "API_Aggregation", "API_Aggregation\API_Aggregation.csproj", "{776125CB-C0B3-420D-AF38-BA6855BAAAB8}"
EndProject
Project("{FAE04EC0-301F-11D3-BF4B-00C04F79EFBC}") = "AggregateApi_Tests", "AggregateApi_Tests\AggregateApi_Tests.csproj", "{E1BE58E1-6C46-4B2B-9243-5F274533DF80}"
EndProject
Global
	GlobalSection(SolutionConfigurationPlatforms) = preSolution
		Debug|Any CPU = Debug|Any CPU
		Release|Any CPU = Release|Any CPU
	EndGlobalSection
	GlobalSection(ProjectConfigurationPlatforms) = postSolution
		{03B5AEB7-8637-44D5-B977-86DD27EF17C5}.Debug|Any CPU.ActiveCfg = Debug|Any CPU
		{03B5AEB7-8637-44D5-B977-86DD27EF17C5}.Debug|Any CPU.Build.0 = Debug|Any CPU
		{03B5AEB7-8637-44D5-B977-86DD27EF17C5}.Release|Any CPU.ActiveCfg = Release|Any CPU
		{03B5AEB7-8637-44D5-B977-86DD27EF17C5}.Release|Any CPU.Build.0 = Release|Any CPU
		{FF16503D-EF49-4C0F-BC38-D16A943938AA}.Debug|Any CPU.ActiveCfg = Debug|Any CPU
		{FF16503D-EF49-4C0F-BC38-D16A943938AA}.Debug|Any CPU.Build.0 = Debug|Any CPU
		{FF16503D-EF49-4C0F-BC38-D16A943938AA}.Release|Any CPU.ActiveCfg = Release|Any CPU
		{FF16503D-EF49-4C0F-BC38-D16A943938AA}.Release|Any CPU.Build.0 = Release|Any CPU
		{A384B0DE-49CC-4F3D-8BC8-E15708D2E0FB}.Debug|Any CPU.ActiveCfg = Debug|Any CPU
		{A384B0DE-49CC-4F3D-8BC8-E15708D2E0FB}.Debug|Any CPU.Build.0 = Debug|Any CPU
		{A384B0DE-49CC-4F3D-8BC8-E15708D2E0FB}.Release|Any CPU.ActiveCfg = Release|Any CPU
		{A384B0DE-49CC-4F3D-8BC8-E15708D2E0FB}.Release|Any CPU.Build.0 = Release|Any CPU
		{776125CB-C0B3-420D-AF38-BA6855BAAAB8}.Debug|Any CPU.ActiveCfg = Debug|Any CPU
		{776125CB-C0B3-420D-AF38-BA6855BAAAB8}.Debug|Any CPU.Build.0 = Debug|Any CPU
		{776125CB-C0B3-420D-AF38-BA6855BAAAB8}.Release|Any CPU.ActiveCfg = Release|Any CPU
		{776125CB-C0B3-420D-AF38-BA6855BAAAB8}.Release|Any CPU.Build.0 = Release|Any CPU
		{E1BE58E1-6C46-4B2B-9243-5F274533DF80}.Debug|Any CPU.ActiveCfg = Debug|Any CPU
		{E1BE58E1-6C46-4B2B-9243-5F274533DF80}.Debug|Any CPU.Build.0 = Debug|Any CPU
		{E1BE58E1-6C46-4B2B-9243-5F274533DF80}.Release|Any CPU.ActiveCfg = Release|Any CPU
		{E1BE58E1-6C46-4B2B-9243-5F274533DF80}.Release|Any CPU.Build.0 = Release|Any CPU
	EndGlobalSection
	GlobalSection(SolutionProperties) = preSolution
		HideSolutionNode = FALSE
	EndGlobalSection
	GlobalSection(ExtensibilityGlobals) = postSolution
		SolutionGuid = {02011033-25BB-428B-B072-DF43B453FC1B}
	EndGlobalSection
EndGlobal
