
Microsoft Visual Studio Solution File, Format Version 12.00
# Visual Studio Version 17
VisualStudioVersion = 17.8.34330.188
MinimumVisualStudioVersion = 10.0.40219.1
Project("{FAE04EC0-301F-11D3-BF4B-00C04F79EFBC}") = "LINQ_Examples_2", "LINQ_Examples_2\LINQ_Examples_2.csproj", "{FE9D3C86-A432-4463-8759-A8E9E303EE1A}"
EndProject
Global
	GlobalSection(SolutionConfigurationPlatforms) = preSolution
		Debug|Any CPU = Debug|Any CPU
		Release|Any CPU = Release|Any CPU
	EndGlobalSection
	GlobalSection(ProjectConfigurationPlatforms) = postSolution
		{FE9D3C86-A432-4463-8759-A8E9E303EE1A}.Debug|Any CPU.ActiveCfg = Debug|Any CPU
		{FE9D3C86-A432-4463-8759-A8E9E303EE1A}.Debug|Any CPU.Build.0 = Debug|Any CPU
		{FE9D3C86-A432-4463-8759-A8E9E303EE1A}.Release|Any CPU.ActiveCfg = Release|Any CPU
		{FE9D3C86-A432-4463-8759-A8E9E303EE1A}.Release|Any CPU.Build.0 = Release|Any CPU
	EndGlobalSection
	GlobalSection(SolutionProperties) = preSolution
		HideSolutionNode = FALSE
	EndGlobalSection
	GlobalSection(ExtensibilityGlobals) = postSolution
		SolutionGuid = {29E359D2-0BD8-48F4-85D1-ED2FD9FBCCD2}
	EndGlobalSection
EndGlobal
