
Microsoft Visual Studio Solution File, Format Version 12.00
# Visual Studio Version 17
VisualStudioVersion = 17.10.35122.118
MinimumVisualStudioVersion = 10.0.40219.1
Project("{FAE04EC0-301F-11D3-BF4B-00C04F79EFBC}") = "Reversed_Strings", "Reversed_Strings\Reversed_Strings.csproj", "{D85E1550-FE21-46F4-B955-F06328AF8A8D}"
EndProject

Project("{FAE04EC0-301F-11D3-BF4B-00C04F79EFBC}") = "Jaden_Casing_Strings", "Jaden_Casing_Strings\Jaden_Casing_Strings.csproj", "{A5BF7ADA-3321-40D9-BBFB-60B03EE6083D}"
EndProject
Project("{FAE04EC0-301F-11D3-BF4B-00C04F79EFBC}") = "Opposites_Attract", "Opposites_Attract\Opposites_Attract.csproj", "{8FF6142B-D6D2-432B-A289-880AB249D162}"
EndProject
Global
	GlobalSection(SolutionConfigurationPlatforms) = preSolution
		Debug|Any CPU = Debug|Any CPU
		Release|Any CPU = Release|Any CPU
	EndGlobalSection
	GlobalSection(ProjectConfigurationPlatforms) = postSolution
		{D85E1550-FE21-46F4-B955-F06328AF8A8D}.Debug|Any CPU.ActiveCfg = Debug|Any CPU
		{D85E1550-FE21-46F4-B955-F06328AF8A8D}.Debug|Any CPU.Build.0 = Debug|Any CPU
		{D85E1550-FE21-46F4-B955-F06328AF8A8D}.Release|Any CPU.ActiveCfg = Release|Any CPU
		{D85E1550-FE21-46F4-B955-F06328AF8A8D}.Release|Any CPU.Build.0 = Release|Any CPU

		{A5BF7ADA-3321-40D9-BBFB-60B03EE6083D}.Debug|Any CPU.ActiveCfg = Debug|Any CPU
		{A5BF7ADA-3321-40D9-BBFB-60B03EE6083D}.Debug|Any CPU.Build.0 = Debug|Any CPU
		{A5BF7ADA-3321-40D9-BBFB-60B03EE6083D}.Release|Any CPU.ActiveCfg = Release|Any CPU
		{A5BF7ADA-3321-40D9-BBFB-60B03EE6083D}.Release|Any CPU.Build.0 = Release|Any CPU
		{8FF6142B-D6D2-432B-A289-880AB249D162}.Debug|Any CPU.ActiveCfg = Debug|Any CPU
		{8FF6142B-D6D2-432B-A289-880AB249D162}.Debug|Any CPU.Build.0 = Debug|Any CPU
		{8FF6142B-D6D2-432B-A289-880AB249D162}.Release|Any CPU.ActiveCfg = Release|Any CPU
		{8FF6142B-D6D2-432B-A289-880AB249D162}.Release|Any CPU.Build.0 = Release|Any CPU
	EndGlobalSection
	GlobalSection(SolutionProperties) = preSolution
		HideSolutionNode = FALSE
	EndGlobalSection
	GlobalSection(ExtensibilityGlobals) = postSolution
		SolutionGuid = {9CEDB8FE-4B57-40FC-92FA-D61FEEA5C758}
	EndGlobalSection
EndGlobal
